
Microsoft Visual Studio Solution File, Format Version 12.00
# Visual Studio Version 17
VisualStudioVersion = 17.13.35931.197 d17.13
MinimumVisualStudioVersion = 10.0.40219.1
Project("{FAE04EC0-301F-11D3-BF4B-00C04F79EFBC}") = "TesteGitHub", "TesteGitHub\TesteGitHub.csproj", "{8A22E6BF-9781-4577-9761-0620D78FBBF0}"
EndProject
Global
	GlobalSection(SolutionConfigurationPlatforms) = preSolution
		Debug|Any CPU = Debug|Any CPU
		Release|Any CPU = Release|Any CPU
	EndGlobalSection
	GlobalSection(ProjectConfigurationPlatforms) = postSolution
		{8A22E6BF-9781-4577-9761-0620D78FBBF0}.Debug|Any CPU.ActiveCfg = Debug|Any CPU
		{8A22E6BF-9781-4577-9761-0620D78FBBF0}.Debug|Any CPU.Build.0 = Debug|Any CPU
		{8A22E6BF-9781-4577-9761-0620D78FBBF0}.Release|Any CPU.ActiveCfg = Release|Any CPU
		{8A22E6BF-9781-4577-9761-0620D78FBBF0}.Release|Any CPU.Build.0 = Release|Any CPU
	EndGlobalSection
	GlobalSection(SolutionProperties) = preSolution
		HideSolutionNode = FALSE
	EndGlobalSection
	GlobalSection(ExtensibilityGlobals) = postSolution
		SolutionGuid = {D06A9BD6-D129-45D2-89E8-AD1942B15B11}
	EndGlobalSection
EndGlobal
